{"20180130-1.md":{"post_at":[2018,1,30],"update_at":"2018-02-01 02:55:45","title":"# First publish"},"20180131-1.md":{"post_at":[2018,1,31],"update_at":"2018-02-01 02:55:45","title":"# 2018年の注目技術"},"20180201-1.md":{"post_at":[2018,2,1],"update_at":"2018-02-01 09:00:00","title":"# 英語学習法まとめ(2018年2月1日時点)"},"20180301-1.md":{"post_at":[2018,3,1],"update_at":"2018-03-01 04:32:28","title":"# ロイヤル英文法 / ノートのあり方"},"20180301-2.md":{"post_at":[2018,3,1],"update_at":"2018-03-01 17:52:02","title":"# Elmを1000行書いてみた感想文"},"20180503-1.md":{"post_at":[2018,5,3],"update_at":"2018-05-03 00:34:29","title":"# ランゲージエクスチェンジ / 最近の興味"}}